<?xml version="1.0" encoding="UTF-8" standalone="yes" ?>
<CodeBlocks_project_file>
	<FileVersion major="1" minor="6" />
	<Project>
		<Option title="ZTyper" />
		<Option makefile="makefile" />
		<Option pch_mode="2" />
		<Option compiler="gcc" />
		<Build>
			<Target title="Release">
				<Option output="bin/Release/ZTyper" prefix_auto="1" extension_auto="1" />
				<Option object_output="obj/Release/" />
				<Option type="1" />
				<Option compiler="gcc" />
				<Compiler>
					<Add option="-O2" />
					<Add directory="C:/lib/SFML-2.3.2/include" />
				</Compiler>
				<Linker>
					<Add option="-s" />
					<Add library="C:\lib\SFML-2.3.2\lib\libsfml-audio.a" />
					<Add library="C:\lib\SFML-2.3.2\lib\libsfml-graphics.a" />
					<Add library="C:\lib\SFML-2.3.2\lib\libsfml-window.a" />
					<Add library="C:\lib\SFML-2.3.2\lib\libsfml-system.a" />
					<Add directory="C:/lib/SFML-2.3.2/lib" />
				</Linker>
			</Target>
		</Build>
		<Compiler>
			<Add option="-Wall" />
		</Compiler>
		<Unit filename="includes/GameEngine/Bullet.h" />
		<Unit filename="includes/GameEngine/Entity2D.h" />
		<Unit filename="includes/GameEngine/Explosion.h" />
		<Unit filename="includes/GameEngine/GameEngine.h" />
		<Unit filename="includes/GameEngine/GameWorld.h" />
		<Unit filename="includes/GameEngine/PhyManager.h" />
		<Unit filename="includes/GameEngine/Player.h" />
		<Unit filename="includes/GameEngine/Zombie.h" />
		<Unit filename="includes/GameEngine/phyUtils.h" />
		<Unit filename="includes/ResourceManager/Resource.h" />
		<Unit filename="includes/ResourceManager/ResourceManager.h" />
		<Unit filename="includes/ResourceManager/Sprite.h" />
		<Unit filename="json/json-forwards.h" />
		<Unit filename="json/json.h" />
		<Unit filename="src/GameEngine/Bullet.cpp" />
		<Unit filename="src/GameEngine/Entity2D.cpp" />
		<Unit filename="src/GameEngine/Explosion.cpp" />
		<Unit filename="src/GameEngine/GameEngine.cpp" />
		<Unit filename="src/GameEngine/GameWorld.cpp" />
		<Unit filename="src/GameEngine/PhyManager.cpp" />
		<Unit filename="src/GameEngine/Player.cpp" />
		<Unit filename="src/GameEngine/Zombie.cpp" />
		<Unit filename="src/GameEngine/phyUtils.cpp" />
		<Unit filename="src/ResourceManager/Resource.cpp" />
		<Unit filename="src/ResourceManager/ResourceManager.cpp" />
		<Unit filename="src/ResourceManager/Sprite.cpp" />
		<Unit filename="src/ResourceManager/mainres.cpp">
			<Option target="&lt;{~None~}&gt;" />
		</Unit>
		<Unit filename="src/jsoncpp.cpp" />
		<Unit filename="src/main.cpp" />
		<Extensions>
			<code_completion />
			<envvars />
			<debugger />
			<lib_finder disable_auto="1" />
		</Extensions>
	</Project>
</CodeBlocks_project_file>
